
Microsoft Visual Studio Solution File, Format Version 12.00
# Visual Studio Version 17
VisualStudioVersion = 17.5.002.0
MinimumVisualStudioVersion = 10.0.40219.1
Project("{FAE04EC0-301F-11D3-BF4B-00C04F79EFBC}") = "Propeller", "Propeller\Propeller.csproj", "{B7986985-F8DF-448A-93D7-F6219913016B}"
EndProject
Project("{FAE04EC0-301F-11D3-BF4B-00C04F79EFBC}") = "Propeller.Tests", "Propeller.Tests\Propeller.Tests.csproj", "{BCCD9831-A36D-4E05-8B9F-D37B118BEC5E}"
EndProject
Global
	GlobalSection(SolutionProperties) = preSolution
		HideSolutionNode = FALSE
	EndGlobalSection
	GlobalSection(ExtensibilityGlobals) = postSolution
		SolutionGuid = {788777EF-3F24-472F-8BB3-3DAA4FA2EDF2}
	EndGlobalSection
	GlobalSection(SolutionConfigurationPlatforms) = preSolution
		Debug|Any CPU = Debug|Any CPU
		Debug|x64 = Debug|x64
		Debug|x86 = Debug|x86
		Release|Any CPU = Release|Any CPU
		Release|x64 = Release|x64
		Release|x86 = Release|x86
	EndGlobalSection
	GlobalSection(ProjectConfigurationPlatforms) = postSolution
		{B7986985-F8DF-448A-93D7-F6219913016B}.Debug|Any CPU.ActiveCfg = Debug|Any CPU
		{B7986985-F8DF-448A-93D7-F6219913016B}.Debug|Any CPU.Build.0 = Debug|Any CPU
		{B7986985-F8DF-448A-93D7-F6219913016B}.Debug|x64.ActiveCfg = Debug|Any CPU
		{B7986985-F8DF-448A-93D7-F6219913016B}.Debug|x64.Build.0 = Debug|Any CPU
		{B7986985-F8DF-448A-93D7-F6219913016B}.Debug|x86.ActiveCfg = Debug|Any CPU
		{B7986985-F8DF-448A-93D7-F6219913016B}.Debug|x86.Build.0 = Debug|Any CPU
		{B7986985-F8DF-448A-93D7-F6219913016B}.Release|Any CPU.ActiveCfg = Release|Any CPU
		{B7986985-F8DF-448A-93D7-F6219913016B}.Release|Any CPU.Build.0 = Release|Any CPU
		{B7986985-F8DF-448A-93D7-F6219913016B}.Release|x64.ActiveCfg = Release|Any CPU
		{B7986985-F8DF-448A-93D7-F6219913016B}.Release|x64.Build.0 = Release|Any CPU
		{B7986985-F8DF-448A-93D7-F6219913016B}.Release|x86.ActiveCfg = Release|Any CPU
		{B7986985-F8DF-448A-93D7-F6219913016B}.Release|x86.Build.0 = Release|Any CPU
		{BCCD9831-A36D-4E05-8B9F-D37B118BEC5E}.Debug|Any CPU.ActiveCfg = Debug|Any CPU
		{BCCD9831-A36D-4E05-8B9F-D37B118BEC5E}.Debug|Any CPU.Build.0 = Debug|Any CPU
		{BCCD9831-A36D-4E05-8B9F-D37B118BEC5E}.Debug|x64.ActiveCfg = Debug|Any CPU
		{BCCD9831-A36D-4E05-8B9F-D37B118BEC5E}.Debug|x64.Build.0 = Debug|Any CPU
		{BCCD9831-A36D-4E05-8B9F-D37B118BEC5E}.Debug|x86.ActiveCfg = Debug|Any CPU
		{BCCD9831-A36D-4E05-8B9F-D37B118BEC5E}.Debug|x86.Build.0 = Debug|Any CPU
		{BCCD9831-A36D-4E05-8B9F-D37B118BEC5E}.Release|Any CPU.ActiveCfg = Release|Any CPU
		{BCCD9831-A36D-4E05-8B9F-D37B118BEC5E}.Release|Any CPU.Build.0 = Release|Any CPU
		{BCCD9831-A36D-4E05-8B9F-D37B118BEC5E}.Release|x64.ActiveCfg = Release|Any CPU
		{BCCD9831-A36D-4E05-8B9F-D37B118BEC5E}.Release|x64.Build.0 = Release|Any CPU
		{BCCD9831-A36D-4E05-8B9F-D37B118BEC5E}.Release|x86.ActiveCfg = Release|Any CPU
		{BCCD9831-A36D-4E05-8B9F-D37B118BEC5E}.Release|x86.Build.0 = Release|Any CPU
	EndGlobalSection
EndGlobal
